{
  "version": 4,
  "terraform_version": "1.8.2",
  "serial": 1,
  "lineage": "02e84d43-8be3-3b02-9ff2-a17f4ee2f9a9",
  "outputs": {},
  "resources": [
    {
      "mode": "managed",
      "type": "local_file",
      "name": "sample_res",
      "provider": "provider[\"registry.terraform.io/hashicorp/local\"]",
      "instances": [
        {
          "schema_version": 0,
          "attributes": {
            "content": "Learning Terraform again",
            "content_base64": null,
            "content_base64sha256": "l6DoIPUAmArvVeOLAXMu1H2tDok0BxnmVvvgH+b6qmw=",
            "content_base64sha512": "wVJO4mMGiMQ29MPpfxVp4gtz61G5aFf/r65SXGAmPd+YrtawpSbEM144UExknDC53186LGvwlrb2rzomy+Axrg==",
            "content_md5": "b4a05b265e8872fd8366e62a594ecb37",
            "content_sha1": "07b8b307e7f8886e1432b25703846eed222c0e52",
            "content_sha256": "97a0e820f500980aef55e38b01732ed47dad0e89340719e656fbe01fe6faaa6c",
            "content_sha512": "c1524ee2630688c436f4c3e97f1569e20b73eb51b96857ffafae525c60263ddf98aed6b0a526c4335e38504c649c30b9df5f3a2c6bf096b6f6af3a26cbe031ae",
            "directory_permission": "0777",
            "file_permission": "0777",
            "filename": "sample.txt",
            "id": "07b8b307e7f8886e1432b25703846eed222c0e52",
            "sensitive_content": null,
            "source": null
          },
          "sensitive_attributes": [
            [
              {
                "type": "get_attr",
                "value": "sensitive_content"
              }
            ]
          ]
        }
      ]
    }
  ],
  "check_results": null
}
