{
  "version": 4,
  "terraform_version": "1.8.2",
  "serial": 1,
  "lineage": "b21e8551-4071-49f6-7011-6ea89100ccfe",
  "outputs": {},
  "resources": [
    {
      "mode": "managed",
      "type": "local_file",
      "name": "cat_res",
      "provider": "provider[\"registry.terraform.io/hashicorp/local\"]",
      "instances": [
        {
          "schema_version": 0,
          "attributes": {
            "content": "Cats are chill",
            "content_base64": null,
            "content_base64sha256": "oeEDBkcrKZ22a8lyr4/SMp2s0qUKU6ZfY7/zoth1Ezk=",
            "content_base64sha512": "1P6ACL/GurhI37kLT/VzR7BwktdN1Y1h0rFxP2rIEeiHEJP/bfE2X9lYYbXPe5Se+e5TSkZKOy3OjmYPRvx7Hg==",
            "content_md5": "e4849d7629f907e7f492be245f3afaa1",
            "content_sha1": "5e907b9b383438c1412173c5c3e468fc4ea73bfd",
            "content_sha256": "a1e10306472b299db66bc972af8fd2329dacd2a50a53a65f63bff3a2d8751339",
            "content_sha512": "d4fe8008bfc6bab848dfb90b4ff57347b07092d74dd58d61d2b1713f6ac811e8871093ff6df1365fd95861b5cf7b949ef9ee534a464a3b2dce8e660f46fc7b1e",
            "directory_permission": "0777",
            "file_permission": "0777",
            "filename": "cat.txt",
            "id": "5e907b9b383438c1412173c5c3e468fc4ea73bfd",
            "sensitive_content": null,
            "source": null
          },
          "sensitive_attributes": [
            [
              {
                "type": "get_attr",
                "value": "sensitive_content"
              }
            ]
          ]
        }
      ]
    },
    {
      "mode": "managed",
      "type": "local_file",
      "name": "dog_res",
      "provider": "provider[\"registry.terraform.io/hashicorp/local\"]",
      "instances": [
        {
          "schema_version": 0,
          "attributes": {
            "content": "Dogs are cool",
            "content_base64": null,
            "content_base64sha256": "dZAuX8pACvACk4jxTxbdJBh/dN7xy6reO8AKVkBpkp0=",
            "content_base64sha512": "RhIZ5PqeyAXXp2XGIeGG2Ul068SJxxa/oHtFaH0drKzRG69aidK05sbT3DoNO2Z2OYBNrdrETMevgj6jYdx/iA==",
            "content_md5": "a5b19a741413cb0cdc254c5fdfb21b3e",
            "content_sha1": "67abca6a8020b04342115ae04a568505f93e57ce",
            "content_sha256": "75902e5fca400af0029388f14f16dd24187f74def1cbaade3bc00a564069929d",
            "content_sha512": "461219e4fa9ec805d7a765c621e186d94974ebc489c716bfa07b45687d1dacacd11baf5a89d2b4e6c6d3dc3a0d3b667639804daddac44cc7af823ea361dc7f88",
            "directory_permission": "0777",
            "file_permission": "0777",
            "filename": "dog.txt",
            "id": "67abca6a8020b04342115ae04a568505f93e57ce",
            "sensitive_content": null,
            "source": null
          },
          "sensitive_attributes": [
            [
              {
                "type": "get_attr",
                "value": "sensitive_content"
              }
            ]
          ]
        }
      ]
    }
  ],
  "check_results": null
}
