{
  "version": 4,
  "terraform_version": "1.8.2",
  "serial": 3,
  "lineage": "fe4d30b2-5d2e-6d7a-7b42-00a994d899fa",
  "outputs": {
    "name": {
      "value": 56,
      "type": "number"
    }
  },
  "resources": [
    {
      "mode": "managed",
      "type": "random_integer",
      "name": "rint",
      "provider": "provider[\"registry.terraform.io/hashicorp/random\"]",
      "instances": [
        {
          "schema_version": 0,
          "attributes": {
            "id": "56",
            "keepers": null,
            "max": 70,
            "min": 50,
            "result": 56,
            "seed": null
          },
          "sensitive_attributes": []
        }
      ]
    }
  ],
  "check_results": null
}
